# TEMPLATE_MANIFEST.lock — per FW-ADR-0002
# Generated GENERATOR-FIXED-DATE
# Format: <sha256>  <project-relative path>
# Paths from upstream ship_files; SHAs from project tree.
# Files in .template-customizations are omitted by design.
#
3bd78e46e37840d33e0f4443b67cb306fc51429816562f00d73778f5a72fb52d  .claude/agents/architect.md
019d961335ce9173d03f95e6665b9b031d80dd96e881c74a555742305624b997  .claude/agents/code-reviewer.md
709e7da7b8df04287fe6cd3bed5f194a94fcab7e078bc111f5dda36f0cbb25b5  .claude/agents/onboarding-auditor.md
d544a34a60f3b85f290985c8082bde7c37a0f98886a3f74d48538d19d138b775  .claude/agents/process-auditor.md
eff27abf675adc3d95ed693b90f79bb3c3d99cf8e114eb1497948ee3b472c8f7  .claude/agents/project-manager.md
6e8978fe97244065e2e2b3173f446494f445e7ddbc644df363aaf6e723577667  .claude/agents/qa-engineer.md
e86859439556c7a6c835d034c51d9eb3d801a94464a223d06cc94ac0e5b40835  .claude/agents/release-engineer.md
d7402706c9c12d735cf74c3e14ad0b15c57f8a0a6c7c43e6c6e01571a869f7e0  .claude/agents/researcher.md
d0f3f27a4b022c77a6bfcc2d49388ae7ec0b05783ea518848e96d78f436f0037  .claude/agents/security-engineer.md
dafdd559e904e6ce516203bed618b2568d95997347f269b495362dc22d9b1656  .claude/agents/sme-template.md
8cf214f1e16f6e90693da5bdd4236d62a75d57166974d7256bdc7e831d76ba1e  .claude/agents/software-engineer.md
e065ca43907b359840d0757b0c0b4b2474c8f738bc273efac6a9494e8dfe26cc  .claude/agents/sre.md
e4a7021164fb3d4f1faa17d8429490d917e6b38c408905a5319f3b237df41bc1  .claude/agents/tech-lead.md
7a335fb270f5658c190b17269dc7649da514413afb3b8ce4b69cf208283c8a02  .claude/agents/tech-writer.md
307bfdb11687a6ec59d52f5edea5d9a008fb50d1b5d971a40b92a5405af83bed  .claude/settings.json
c132e013b3b4688250159931e80ed694309d2ff6db0c6834fb30b7faca297d30  .opencode/agents/architect.md
ca9befdc879ff987cbba8e604990e645336deaf4e1b2528dca012591dc23854b  .opencode/agents/code-reviewer.md
a2e9273ee41115337897c1c79475ff532dca124c6b97b36f1fec52058f5eefe4  .opencode/agents/onboarding-auditor.md
d000071efcf25661cd44694c9b116724147860780a53b934c033dc1eae96492e  .opencode/agents/process-auditor.md
d5653d951381946130e420e72ef00dd10984acdb27f3fc5ad72e7249afee79f6  .opencode/agents/project-manager.md
c2850668d12100f138a961ecd0d704b1562af0bcf4c8ff7caa5889ebdfabaee4  .opencode/agents/qa-engineer.md
0c0bc2aa55b52d6c90dd1561d4ebac1110c4668870037f73d5110acf2feb59be  .opencode/agents/release-engineer.md
682a97512f29481dae0174edb0baae775620c8c95b378b9779f3a7fe454cb9a8  .opencode/agents/researcher.md
8f0ae49e986ca1fd9961d5e10d5f00595dc84c285e7e5355fe4696ceaa30ce45  .opencode/agents/security-engineer.md
7be9abdca4943e95aa5b3cb2d23801b93659c2bb33e78e433da742b90e12bb01  .opencode/agents/software-engineer.md
9b356641c0c7f0e558bef331967b7837acd0b0259c3c3e923763fccd426c6923  .opencode/agents/sre.md
514f75bc7890df99f914bdfd7d9bb0d15e4020b215f3d67ef9e9696d6e774ae7  .opencode/agents/tech-lead.md
646ea9ec4b6d0179f7825d68c5fed6b3a08d91ed57302cb7e4d53a99e2f3773a  .opencode/agents/tech-writer.md
3a5335701e9b3cd4d2c45b0403d38219f6592213763e97242bb6697d1bc7a90c  AGENTS.md
8cf2d2a7f61ab79ad346a24040c460afed0dfb4346222ce9d503c4b339db973b  CLAUDE.md
fefc10696212b95a4025f1560513a895aa8648fe4e4a3574c83fb94d739b3e90  SW_DEV_ROLE_TAXONOMY.md
2169afd1564444cd5b861a2db44ba1f6987712ff69f3cd5f487381b5481fb316  docs/DECISIONS.md
1df7fcaa00bd92d06541caa4ad171495543748a6a163c1f5249745d9d56e071a  docs/FIRST_ACTIONS.md
68fee8d731df4a79eaaeee86083c23cc167d7f6c99247296867d1b5a3371360b  docs/INDEX-FRAMEWORK.md
8bfad6370b7e54400ee6e9be4160bdb3e813787bf662694afdb0c5c04d7bd462  docs/IP_POLICY.md
c0e9a335aff88569069b0136db20401dabab9551f0a72b0c55887c820aad6dd2  docs/ISSUE_FILING.md
3298c08fd8900d558cd825be0fe5a2ec7b2d362e246cf4cfa36803a17f947138  docs/MEMORY_POLICY.md
9bd5adb865dfc32c5d7a674cea126046d4ba9a6624646424e3499cf89661c80e  docs/OPEN_QUESTIONS-ARCHIVE.md
b27c3c0edb979ee451c4079d0376d45b6013e347fb23d5e32e475db3a306a97b  docs/TEMPLATE_UPGRADE.md
0d5f7f7bd92a337ea1858edf54f6edf528aa83e5e6ebd7d10d2dc9c031bff518  docs/adr/fw-adr-0001-context-memory-strategy.md
33ce7f2721dfe0ebe808b2e50c225f90980eb52cb9a09b3cfcdf13013e4d198d  docs/adr/fw-adr-0002-upgrade-content-verification.md
5dc61b864125974804dd16d4c76d53ba86ff3dbeb8bc70b984ba6b8271306da3  docs/adr/fw-adr-0003-bare-template-variants.md
15ac89211a93c992dbf1f81fabd613b25a6f11e0f6a820fba8f677b51477e6b9  docs/adr/fw-adr-0004-per-item-file-breakout.md
9b502ca82420add0d134f266545958d489001eaf7aa7537c438631246e8caff6  docs/adr/fw-adr-0005-standards-paraphrase-cards.md
8bdaac65fb0fbb115bd1bd22ab70f0b3a36ad7850d7c3c84f76e385cc2d3c41d  docs/adr/fw-adr-0006-madr-required-optional-split.md
74bf6e6aa8d355ccede28e75c5a79da39ac8c823dc2c23d10e3c06cd22fdc561  docs/adr/fw-adr-0007-external-reference-adoption.md
bc86d7a23d6c7f04d8aaa1279b56f4047c674e5b250bed1a7bef5fc5a6f6d8f4  docs/adr/fw-adr-0008-tech-lead-orchestration-boundary.md
3ccdc2becb107fb82df551f98dfb52096d4275c2e4997d042fa31c2ad729176f  docs/adr/fw-adr-0009-opencode-harness-adapter.md
749a1db0fc60bc0bbee659202a82337d02cb831d56816d2a015e7881c8a20f33  docs/agent-health-contract.md
fdc8f9d72b37bb574e53f15903d84791d43adf2e0ab4bd5df9499b165b4807aa  docs/agents/manual/README.md
7c5c68243a6008c4243d47caf1ca42850334205a7a3a2993646bb36882127723  docs/agents/manual/code-reviewer-manual.md
dbc6206d5589adcb259fcdf1bacdf02ce68494dcc9dc0cee3d9c3eaef8ee63bd  docs/agents/manual/project-manager-manual.md
f339e1e46226b584b4e3730f66d84229d89b7de3a454dcf621a7641ca7205099  docs/agents/manual/qa-engineer-manual.md
6930323fe7c10640b148448a4502f937ad54d2eeceee1dd543601479bfc72746  docs/agents/manual/researcher-manual.md
8c95228c6a5d9611e9caa2b06c796bc1f590e69f4c0f26257eef0962bf5fcc49  docs/agents/manual/tech-lead-manual.md
7a7cacbcbc259be653da579682ee1cd59cc2585e951bb4984f03d4432af9fb3d  docs/framework-project-boundary.md
93c0c0faaa28a13c96d83d497375e924628f3f6212c370cc945e7ff6345cd81e  docs/glossary/ENGINEERING.md
6e5be0a359163a4d6c0cc742faec8aca1f42bfaf6a654c9f4cf81689a3806d62  docs/model-routing-guidelines.md
f740f4b178d807963642234d4f29c7150b4f75f9c8191206f9a7b311ec95ff4d  docs/runtime/agents/README.md
d9e5e2b9bb0c433aa3e44829445cb56589efe83c8489af7dd62c2b355ac1d635  docs/runtime/agents/architect.md
0d598e075020c3666045bac9aa0f0e8a7c10652bd0da6a27428ca28a224cbb81  docs/runtime/agents/code-reviewer.md
eb547c141e898302b37064cf26ec635ff14f56fa65e97c5cf24bacc9cdf63ece  docs/runtime/agents/onboarding-auditor.md
70000cfeccc3f2442f4d7fead2331ffc2a2f7452269d0eb8c53a475719e99302  docs/runtime/agents/process-auditor.md
0fe866cdaba7de4b48cf34620240c7ca1ff65d5a0b82a25f0691dae74e9d9816  docs/runtime/agents/project-manager.md
30b9f390c9a117efbcf692759181da775990b57bbb489e30d387e5a7b3c6c100  docs/runtime/agents/qa-engineer.md
83a49a78b45ab6af516b63b913a466dc109cd54b287f950e45fc3f15205bd563  docs/runtime/agents/release-engineer.md
037e5df8ae4125eaade8717a6c2ae6fe289d63dec10fcb0bfbf06189fca24aa8  docs/runtime/agents/researcher.md
3c01d3c9ce4c27010765fb16728d1d9ad65722ce231f854f5ff3570676b5ab6b  docs/runtime/agents/security-engineer.md
cf59a11e675fc834a7f0927f94ebe7532c58db8f4a4086f9d0a7358a8997142a  docs/runtime/agents/software-engineer.md
c664ea931b7536aff6e1b4fbec2dc952ad1d000af92cfc52a38faef815b482d8  docs/runtime/agents/sre.md
3cc01f2b4788a130154abbd59632c7a8624f8d4d642ea16d95617d07bdcc208e  docs/runtime/agents/tech-lead.md
e164abbdd7de437fb55ffbc455b08da113cbbfe4c4ecb2d74feac8210d45cf8b  docs/runtime/agents/tech-writer.md
e3b0c44298fc1c149afbf4c8996fb92427ae41e4649b934ca495991b7852b855  docs/sme/.gitkeep
0b83c54d6d7c133af7a4a95ab55ff9c40e58a9dca0382437e2ca89d4edfcec7a  docs/sme/CONTRACT.md
ef015ca4a8e9364501c2c7c84d37dcbf51ed710ab8a13eb7444ed89d05134319  docs/sme/INVENTORY-template.md
cb4397343b57d9015550adfcf273ed0017db8febf459450b8d778db81c0e0bc2  docs/style-guides/bash.md
dad3ebbe98cdd6312741c0a9390b44974ebadaa937ee2fd141f3d87b50a03fd6  docs/style-guides/go.md
1e9871743fc2d164c57ea0275efb2e8c16376d23f9ee4d616f134299f1ac3de0  docs/style-guides/python.md
4ff9e288482ca373eac8bb3336e6845a92328708c8b33b9567b16d4b5df2bc4d  docs/style-guides/rust.md
3cb6b307e50224472224800d297ebe80eff2b4d42d0fc9119dd42fd3ffe340e7  docs/style-guides/typescript.md
9b14c340cec4b1d4973d80b65e1150842202eba85cd80a527e9e5ca2092dda14  docs/templates/adr-template.md
7e6e2aae05e5ab543dd4381b270584ea07e00273213dbea509e54324801bdf1a  docs/templates/architecture-template-bare.md
a396f9c8757d1a8ff06b13deb48b7203947c358e338528d8f5504fdd9d8fc0a3  docs/templates/architecture-template.md
e586b16d54e3873ebb4ea35c097c70789e774ab599bc03ef016d90d67817651f  docs/templates/architecture-view-template-bare.md
ced3faaf57bdc220c678a9efaf66aae3506ebfd5c8a8c0e667963e457b68d8c8  docs/templates/architecture-view-template.md
0da7ebf5fd752aa4c3c28c9157a21206c441c93029eeb4817d18d0b06c6f1036  docs/templates/dr-plan-template.md
755cc2c3c4e0ce2788da19d9d80c365ff0523f68843a40ecc43038e8fea8e6a7  docs/templates/github-actions-ci.yml
2b3b9476786e3f16fabdc526fc3140268ca0b01c083f3ce1b2d3037e7e835ce6  docs/templates/handover-template.md
f8cc0be123706018932742b41610f05f42abb6f09c5201ab2003800379045e58  docs/templates/intake-log-template.md
52e6cc8002d2552f31d6fcd75c8747760805b140a79a832cdb108262a6af9b58  docs/templates/operations-plan-template.md
64d2ce1194d741618a9e885f383ba070f7341acbfa543f31ac039ef16061dc73  docs/templates/phase-template.md
bed27ef485a84d927b69f9e57ee74ffa61d43ac0195fe8da196b544921c63082  docs/templates/pm/AI-USE-POLICY-template.md
1801f08701bf955eb723660fdb743e6d9f0098c86a3a210eb4ddb037112c22bb  docs/templates/pm/CHANGES-template.md
bbe56852ca8825bd069e8f3f4a3190c135184556d818e227bfd8f8d1fe2026c6  docs/templates/pm/CHARTER-template.md
98c9ee2c2b8ddfa898f05115380cdd89732fd228a4855527bd80ade4442a1e3e  docs/templates/pm/COST-template.md
1447fa2ec291bd88bddf4b9d56ef169c5dda06feb1f63325fc83f26700f102dd  docs/templates/pm/LESSONS-template.md
fb9bf47234b816ed69afe500c628bbc3a7187e984e4a92a6fc0df2acb912f215  docs/templates/pm/RESOURCES-template.md
a1a99c013172d2ab6458cb84465bc1236588c724ca37206b520e8d62302e6e99  docs/templates/pm/RISKS-template.md
73837d669d2a51f4a786c155e01c3d12dc465b9d3dfee2a52278b283f8af00aa  docs/templates/pm/SCHEDULE-template.md
3fc4291b2ff6203c9441a04e6c2faa9890a91bbdc122aa89bfa4d78ef2256bdc  docs/templates/pm/STAKEHOLDERS-template.md
c2a7ecf898c067a5d93fb702947b0c40c9b9ef0176dd1ac66248b1cdfb7ec6eb  docs/templates/pm/TEAM-CHARTER-template.md
e3187d8e72ac40676c078527e57068c6a194e5f3075f004ef8f1501bfa49ae9a  docs/templates/pm/TOKEN_LEDGER-template.md
03469593b65ebecd84488ad6057efc3e34533c7e188551a0b0b71b555162ff4f  docs/templates/prior-art-template.md
bb190c79e9d082a6a4c51b0384614d970c0136b11301e0696bf5262345c7c799  docs/templates/proposal-template.md
668b892eb9ed39c6b2c93e52f234d1485f13b06417ad543abd623e27e8cbca33  docs/templates/qa/acceptance-test-plan-template.md
9e2787084ce587db5c91000b72ebfba046878a7d58e94b51b43b7f48564300e5  docs/templates/qa/intake-conformance-template.md
da77784ecb29a3d3b0678df61829432fc5fea82dbafd4f8114c617180cfd2f7d  docs/templates/qa/integration-test-plan-template.md
1a8fe90c2e28387bcc9b69b812b858ef1e933668c2d19b804bc8246c7c22dcca  docs/templates/qa/performance-test-plan-template.md
b5f587ea548938f1b3649ceb7343cd79a766ac69f13eb758df9974227fe0592e  docs/templates/qa/regression-test-plan-template.md
0b5dcd6c5885f7b73461baa2ac17380d8d4e15fb5de3d1b2ae8511d828253402  docs/templates/qa/system-test-plan-template.md
375ff37c8825145a0652691df2b2eb53d29e1901691083ba5f320d781697d7c5  docs/templates/qa/test-strategy-template.md
bea4f4c6c0c1cdba1082b0e2187b0f923bcb8310a769a761613bf5041ca1385a  docs/templates/qa/unit-test-plan-template.md
bd2c73a2b8631eee6c93f61e227fa6e2f15b1ef272c83f95d64587bbabbc621c  docs/templates/req-item-template-bare.md
f2866ba0eecc0a11531f40189bfca58376c620544955b37db545075d86967798  docs/templates/req-item-template.md
bb792e1073e5f815a01d2a8b6b27606e9247976c35b4bb7eb2173f52c97032d1  docs/templates/requirements-template-bare.md
1f63c3217a0c7254027488e6c18f3358937bb1cb03e95a383e9e33530601832c  docs/templates/requirements-template.md
769a1cf20cc28588a0a33ecaed7561646449c9c29c07666e8a04a0cd746bd11d  docs/templates/retrofit-playbook-template.md
451b4f734c28a89248918d61dbc2c7f42262dbec6139c479d2e515121e4bca50  docs/templates/scoping-questions-template.md
03527c1f7205459a1f289d6c3dd8cf33e2f50834cace302e8e7755d62bb42cc6  docs/templates/security-template.md
a6ef9c2cf0c83bb16c3c7981d6fcf8d38f1685f4fa817c9caa6f662ea9bcc93a  docs/templates/task-template.md
752050cd81969e2d0e0bc6017c499198cbff71806aaf8d7c7e64a4fd83cb5209  docs/v1.0.0-release-notes.md
10c1a0259a7758001962ae6d82213e9174111b42ded70d8bb9d2d5d66c949e3b  docs/versioning.md
e1f6aeb8730abd8b3e5017198f3f90cd9f1b55e0b728a553c8b7822f27c01914  docs/workflow-pipeline.md
b68ec8844fea1f8d0d3fa13b80a28aa930ef3cf5d9362886bd8729f4ea740abb  schemas/README.md
d6cbd85ce3b3c20a3645e9352f0e082ae273d0174cc3535496bf0c1485aa8586  schemas/agent-contract.schema.json
d2f52c763f6e61fdbaa86c235caaba87165b20f7146cddf0fb929522d857b720  schemas/generated-artifact.schema.json
2340f1cded2fb642459b3241b99a95700a7fb52df090930bb01a8f4a199c9d49  schemas/model-routing.schema.json
42fcb358563e7aafe31b3b4f10a88713a92cf6d00a3087e578c178abf9760cdd  scripts/agent-health.sh
b4b0006c24fa2d41ed0d798f775833531861f44d2598106fa1d7ec4391710c36  scripts/archive-registers.sh
142a998b6ab6307cba5b590fefc723b8a6af14fd332600f5ff47a037184354a2  scripts/audit-agent-tools.sh
0e5ec59a17995339d08b229cb0b258deb09b7ceb9f47b438ec1c73c95105be63  scripts/baseline-token-economy.sh
754a1395f6c75eb523318615c0f7b12165f964551ad8bfb979625baa75859f70  scripts/check-spdx.sh
ce621b42d830268a26c67e38ad7cd8047b3eedc652b9defbdac6f60b572b6d26  scripts/compile-runtime-agents.sh
05c864b7be1f1738efa12e6d141ec53c80469190d3174b422b6f05739cbb9806  scripts/gen-toc.sh
2a8d9a634b8b119ec9f8c77c9b6fc2623af6a36402b34ad5342e089cd2dce7fe  scripts/hooks/customer-notes-guard.py
292f176df379edc9a94a6566fdf905728a271b4c346a7b203af89027d6eacf8f  scripts/intake-show.sh
01e2016b237b2a732d5439d2beb888e71322df00c5e7e4fd0d2443cf2e2e2053  scripts/lib/check-jsonschema-version
72b230b56ea1ecbd2d018e547b855ac78cd6f807e8440fde0bd0ffd38ebfb118  scripts/lib/first-actions.sh
8e32e202eca00a0dafb16a1b16325424dd1d6f9e35f06982b3d9bea1ff383de8  scripts/lib/manifest.sh
43a05f3a161a6520616f401cfd1eca3d139f04d58ebfb8c3bd8fb7bdb1ac3fce  scripts/lib/semver.sh
88f5ea16e0224a8b8badfad9160ea9510212185c6bed1613b5eaac53cad08803  scripts/lint-agent-contracts.sh
6fd0229a6e70cb7fd74d6006d30c8825fe5f2fb54086839e5ed80766d3c7cefe  scripts/lint-questions.sh
9c43ffc21c9c3b14c2ad5376da4ee22bda6f8e76a562d1c3f0d7938b95d37937  scripts/log-fallback.sh
8fc12c83d781f76d3e14b8177812a2ba898581cc6a9ac000f4b4cdb554f51a10  scripts/repair-in-place.sh
6775ffd2d6b051ceaa8dff80428ff8e9b693c411cfd862f9b6d64fd46df0f000  scripts/respawn.sh
f563308c6f8a77bc752e6933370bdc303f259f4b934379735712ba5e159d1f19  scripts/scaffold.sh
0f80cac515b394372ec23fd4ac01d9bee6d6626f6b963c3fd77d93e69d39d7f9  scripts/setup-github-labels.sh
6d8e9e7fa4a10f4d14b456160a3d5f0af3ec5bdcb8c72b620d164b1942e1b40c  scripts/stepwise-smoke.sh
6075745303f28336a62670d57e37fab7cd2bebd3897c68429e731e59d1977e40  scripts/upgrade.sh
5d0bcf6f25b64e8cde5d9ded17b76c4dc96f176659ec340f3c3adcefe2b09beb  scripts/version-check.sh
16dceb4c20bd811302118515f05eef1d37c44356d0a35d129e2f4e84e5377e79  tests/lint-questions/README.md
ce6d9e91714923a54015ab1bce011f8bdc1ff33056966a1596bfe8a7760209f3  tests/lint-questions/pattern-1-compound-seed/bad.md
5e26a038a4b930b41da1de3a7053ade7891b30c541da9e86181fc2226704b837  tests/lint-questions/pattern-1-compound-seed/good.md
1a08d3704533227e099b2f5671248f506ac1beb53235b40bddf398328a955274  tests/lint-questions/pattern-2-multi-numbered/bad.md
c37967dedfd2095964da8d9ff74b4dddf4cad1c86c4c3b2158e225728e9a7ae9  tests/lint-questions/pattern-2-multi-numbered/good.md
e5bf36779c7a97d6230936b75890d7c93f6a1e977d56959edefe9848282a836f  tests/lint-questions/pattern-3-multi-option-sets/bad.md
c0b20a66d4f5d9c2de19f395b83d29c8b4db15e00144f075f3f33caf8d7b43e3  tests/lint-questions/pattern-3-multi-option-sets/good.md
02af8cc0da1c370d296cd6df8485dd135b9d56171fec87de0b90ada018593c02  tests/lint-questions/pattern-4-agents-running/bad.md
06cb9afd1e1aee85bd6a304136ec928bc682d8ef8c3a970013b3039a8793e5ee  tests/lint-questions/pattern-4-agents-running/good.md
988569e17f94c23d45d6868850261aece1431ce8c54d795d30247e4489825bcf  tests/lint-questions/pattern-5-compound-oq-row/bad.md
82d2e2cdb61cfa187a81a566a53a0c3e711ddfd644419a4c3e43079727d92de4  tests/lint-questions/pattern-5-compound-oq-row/good.md
9293ab8eee6096afd4f09aace14bd2dfbef82753016cd430a02907d4361bb16a  tests/prompt-regression/README.md
b53ce1df9ac11ca12dfb70fd07329aa4dea716f1c9c0621027acc7ffd35c13e0  tests/prompt-regression/code-reviewer/adr-conflict.yaml
8396d9db0ae0b20960c7f1472061eed9329c46a0d82a783cd284247e296b58d5  tests/prompt-regression/code-reviewer/missing-tests.yaml
b08986103cf9fdb41164629b0c6d15dec6d9da8b2aad162af00741dfdf2b2a69  tests/prompt-regression/project-manager/no-op-pm-pass.yaml
fc990fbf23b70bf88d9fd0a81f0f922cb6ebc845efff403c56252651d0536086  tests/prompt-regression/project-manager/stale-schedule-delta.yaml
6989e762dc1fb04f233262636e7f1f10c130822cd10bfbf40d8e837cf025fb12  tests/prompt-regression/qa-engineer/acceptance-ambiguity.yaml
4af2d60ab6a316bb50102681a76df710caa9f38c010061e18afd4e3e45bafc00  tests/prompt-regression/qa-engineer/missing-regression-test.yaml
5abe1864b1cf23ddb6906441da5041e704e01159372bae1cc4fc562353ad3837  tests/prompt-regression/qa-engineer/traceability-gap.yaml
c3e711c17aa13262a1db00e76036e6c5957ccf2fbfb4474f679fd6e6c765f931  tests/prompt-regression/researcher/customer-note-stewardship.yaml
91e90b1b63c02e12a50e81489d06097f5799268b9bbf9206f73b4d5ffd6a2018  tests/prompt-regression/researcher/missing-source.yaml
73c541b8341f9c508a60225ebcfb1793f1653f09fd75f1da7fd0e87d7435425d  tests/prompt-regression/researcher/restricted-source.yaml
423f789b9b015eda0d34255b1a9dff36f976fe487f6152c0b26bb6530a0a245d  tests/prompt-regression/run.sh
dd599124d538180a84d00d7b125390c4139c1fc50a36c88e0485cbf4ffa7f33d  tests/prompt-regression/tech-lead/compound-customer-question.yaml
95730ed408d4b6a6996c12be5950391946c8fbab498d0ae309d9b942c160a931  tests/prompt-regression/tech-lead/queued-agent-slot.yaml
9a620e188db57801a9a4c1fe11a845054f934f6be436af97598aa021321c37bb  tests/prompt-regression/tech-lead/specialist-owned-work.yaml
c3642d153a91dda327d205df04d0f918e26a4ca9a107620b2ffa22816483d480  tests/workflows/fixtures/customer-truth-no-proposal.diff
0521be3891b34ba8eb34d9ce04e316671eb6be18f7485b0fbf0beecbfe6bb719  tests/workflows/fixtures/customer-truth-with-proposal.diff
e85f00a1ffec45c60610b343d18e6f3b1c15f784d9f9603150ad4e66da7d1e66  tests/workflows/fixtures/oversize-files.diff
df11acfd59578d497ef8565817b5545acb58c600d8f99dba244c446f42aa9442  tests/workflows/fixtures/oversize-lines.diff
502e0dd56466b62041db36f5bb4301186e55212ba60800e818bba8518fe47f66  tests/workflows/fixtures/protected-no-proposal.diff
c83c82861960e2a30634ce99ad99e91a9b02fcdb6529a69221b8c0852ef1149e  tests/workflows/fixtures/protected-with-proposal.diff
8a27875a53cedec9d9b36c9a3313a65c6d9d0f753e86ce549b6ddba2b902c8bf  tests/workflows/fixtures/small-clean.diff
8ed5d7618efd1a27d48f5e3c7108b8f2df56ced5cf46216fde4ebc8695cb339e  tests/workflows/test-improve-template-logic.sh
