# TEMPLATE_MANIFEST.lock — per FW-ADR-0002
# Generated 2026-05-28T04:47:58Z
# Format: <sha256>  <project-relative path>
# Paths from upstream ship_files; SHAs from project tree.
# Files in .template-customizations are omitted by design.
#
a4547ec03c343e5e39efe7d5eae60f198fe3fedd70a0d0ee4108b9c122b867b5  .claude/agents/onboarding-auditor.md
6dcae870b82383a508a86243ef547f30c75d4c00e193d67ea04d9dca9b5ecd62  .claude/agents/process-auditor.md
c709b6e40a9689b13d4745182619d1975f3548ad7f244c8d2e1adfd4b0a12ac2  .claude/agents/project-manager.md
42de673356c4876c956e016c4bb2929a794a112f74ddcdb310b680667a85cb91  .claude/agents/researcher.md
3ef3bd46713a9cadd7f650458be2eca6bfe3ba7727198d51c6626f3624cd571a  .claude/agents/security-engineer.md
13420f244460811bca853f1faa05d7a506c07dc4c9966e6fa5d70f3331e09ad6  .claude/agents/sme-template.md
5879d736f3c226a868ceff67fc9f7dffae1d9ac6e4a189be02e56b6e45ac9eaf  .claude/agents/sre.md
c85add57e442e0ed6a222c880369ce64dd145dbf1147ebe5f40d3eca8ea2dac9  .claude/agents/tech-writer.md
e3b0c44298fc1c149afbf4c8996fb92427ae41e4649b934ca495991b7852b855  .devteam/.gitkeep
6ba63ae3ecb16ce35f9e9b7bcc3fe75d64bdd94d0ed845cfb1e8fa819708731d  .devteam/active-handoff.json
47030a43f3373f62d26921e9aa0fa32914b3e53281c470d2326dde8d2a8ad8d0  .git-hooks/post-checkout
6fb246286d5d384ca54e0dfb5837bdd2cc42688bff10e563a8c01db39371612e  .git-hooks/pre-commit
f3a6cffdc3f7ea2222a6f05bec7df35bbb5a9e82973ed8774b3c6d53814f0907  .git-hooks/pre-push
2b0eac40b04f2af1d0bff382173273b13d99e597d3a31938ac7c86658ae5262a  .opencode/agents/architect.md
6594ed3900b7a863c70e5d5395791386bfc115189427289d763c7292d60349df  .opencode/agents/code-reviewer.md
1e0296f37ce773aca664b794818c06658a7a2bf83f4dbd8b09268c73b5911539  .opencode/agents/onboarding-auditor.md
0fc2aaa9d19a5ec0df501f41ba3de97a0f1525c05a840e1ca7729e45c33db56f  .opencode/agents/process-auditor.md
ab8df011731cb4e37f70be81c36c51c270d77aad83ac5842e1223eda7baff56d  .opencode/agents/project-manager.md
4501ba9fb203ed056c865dc5bb9ec98ead3ea56cb1c4d9bc0a97e7123f574957  .opencode/agents/qa-engineer.md
637691fa7f88f393090bb118a875983e5a2f9ef2ba84df7cbf79e10b35bc408a  .opencode/agents/release-engineer.md
7735f30d23604d556738766942743fb133ba3085e019875d4eda2ce29dab38a6  .opencode/agents/researcher.md
75e845157b509dcb2c9fa9133d1a9f69bdd722ab659351667a03c81ddc0bc61b  .opencode/agents/security-engineer.md
6f2a5f07c3b7b20d6f30ec03e6a16e98e4992dc8f4bc9dac33f55ede75eb4399  .opencode/agents/software-engineer.md
5cb1293f07e2414715d9c040fd753bc5830131f1932ee5841c1efff6d17e2400  .opencode/agents/sre.md
8da577db4aecfa08702f95b4eeaba2aebce67967a7b54e4478a407610b148318  .opencode/agents/tech-lead.md
b51c8c380db8764ba0e665cb7bc131a05ee5530f87f2f3dc8f0cadaa97197539  .opencode/agents/tech-writer.md
fefc10696212b95a4025f1560513a895aa8648fe4e4a3574c83fb94d739b3e90  SW_DEV_ROLE_TAXONOMY.md
a4a3a75060e01cc69cfbd12507aa26f01ece9d99a3344417c4e493da6b5eb7b0  docs/DECISIONS.md
1df7fcaa00bd92d06541caa4ad171495543748a6a163c1f5249745d9d56e071a  docs/FIRST_ACTIONS.md
671f39a1620ea239b90ff9f6f4772713fbb8e2d750a3b45c5ab70488fc635a7e  docs/INDEX-FRAMEWORK.md
8bfad6370b7e54400ee6e9be4160bdb3e813787bf662694afdb0c5c04d7bd462  docs/IP_POLICY.md
c0e9a335aff88569069b0136db20401dabab9551f0a72b0c55887c820aad6dd2  docs/ISSUE_FILING.md
3298c08fd8900d558cd825be0fe5a2ec7b2d362e246cf4cfa36803a17f947138  docs/MEMORY_POLICY.md
230742681f027f34f9830a11f3ec3473afc189090cab4c0f344a98784f012675  docs/TEMPLATE_UPGRADE.md
ecac67bc49ba96db8b66a262aa0e807a96a7a1a16043961e577f023b9105c5ad  docs/adr/fw-adr-0001-context-memory-strategy.md
4e762777ad45fcd6455b986a14d812513ff36b0ca563757d2931ade64097b140  docs/adr/fw-adr-0002-upgrade-content-verification.md
d4c86b05223b1846ffee08ecf8705740fac5fb8f262d64aadffce2f29174c6b5  docs/adr/fw-adr-0003-bare-template-variants.md
cea1d92167da081ad419a9324ed5d079dc02857dd992a8de2915e240167871fd  docs/adr/fw-adr-0004-per-item-file-breakout.md
52f372bc5f1e2bbea00e791928585b0ca59d31096704abd076c1f7ace4fb8143  docs/adr/fw-adr-0005-standards-paraphrase-cards.md
df73eec5ba842d4c49116364365b7bc23aa591d1a10406630ad05d8b94ce099c  docs/adr/fw-adr-0006-madr-required-optional-split.md
fe0ce1c826f81c8d22c07a8dbd1fae5b8b10abf1c18b37be71bad8848ddf63f9  docs/adr/fw-adr-0007-external-reference-adoption.md
6e85f513bcb2e32db4f073757af9257922cd5b8c902fe2377f93e86bec8f48f6  docs/adr/fw-adr-0008-tech-lead-orchestration-boundary.md
ca8ccfae797d4735bb6d3efc74fa57b96f246735e3c52cb272a64f16cdee710f  docs/adr/fw-adr-0009-opencode-harness-adapter.md
ef246efc86c7e8cbb076b309845dd6c72249fc2704db6929ea3e738e87b833a1  docs/adr/fw-adr-0010-pre-bootstrap-local-edit-safety.md
80f41da5d4d979ec20479203711b0058f347171fda87c21dd44e987a0b8c561f  docs/adr/fw-adr-0011-routed-through-trailer.md
02346d4c3014ffc4c2c1d49bab299fd564c90471751deb85d1488cad76c73d8e  docs/adr/fw-adr-0012-tech-lead-authoring-guard.md
5b1e04f68fb05e6e657ed64691553f191a171811472a2b71c41341397f3e55f9  docs/adr/fw-adr-0013-rc-to-rc-pre-bootstrap.md
f5a6b42dcc1845b51938ea7927e53808be07b37d0cee298ad1a0d01273a393e4  docs/adr/fw-adr-0014-preservation-vs-manifest.md
645df08b8305f11000cf8d1200ff8bf4af73f5e84d6d437fb18925bd6fd7b22a  docs/adr/fw-adr-0015-upgrade-orchestrator-stub-model.md
39b365ed65df66999d13e8e3e84b9f5bd0a034db35f13489351af601ebd46aa9  docs/adr/fw-adr-0016-template-state-json-schema.md
daeecf4794c7b4fc83f4c6a14d8664c43bc2933853f52085713c674dbd25baba  docs/adr/fw-adr-0017-file-keyed-migration-discovery.md
1631881ecbdc623554e0a72f95b8243f7a6e4a989dd6bd4e66b5f7539d75533d  docs/adr/fw-adr-0018-transitional-rc-bridging.md
973aeaf952d4e714e0fc9dd4f2ecef9621e0c947f07df497a91f733f9dc9bdd0  docs/adr/fw-adr-0019-pre-bootstrap-retirement.md
d3a05ce16feaae416f1552466933b2f85a91d7a38d31f4f33727e5ab2b335fff  docs/adr/fw-adr-0020-issues-based-coordination-model.md
749a1db0fc60bc0bbee659202a82337d02cb831d56816d2a015e7881c8a20f33  docs/agent-health-contract.md
fdc8f9d72b37bb574e53f15903d84791d43adf2e0ab4bd5df9499b165b4807aa  docs/agents/manual/README.md
7c5c68243a6008c4243d47caf1ca42850334205a7a3a2993646bb36882127723  docs/agents/manual/code-reviewer-manual.md
dbc6206d5589adcb259fcdf1bacdf02ce68494dcc9dc0cee3d9c3eaef8ee63bd  docs/agents/manual/project-manager-manual.md
f339e1e46226b584b4e3730f66d84229d89b7de3a454dcf621a7641ca7205099  docs/agents/manual/qa-engineer-manual.md
9e9fdcd4fcbd240ced2360c49ad4ad2aa8f989bfbfcc617b7af09d87a0cdf65a  docs/agents/manual/release-engineer-manual.md
73b69fd0fee71e55fdc12edd17cda124ffee898c083bee6efd0adce74e920981  docs/agents/manual/researcher-manual.md
406b9a355e8c805078e7af00d9d040335308293286259fa42622122e2ffc4a83  docs/agents/manual/tech-lead-manual.md
e3b0c44298fc1c149afbf4c8996fb92427ae41e4649b934ca495991b7852b855  docs/coordination/.gitkeep
e07eed9689ca537ab18cd237b78cf42a04241d8a96934990500da6cf09cdc570  docs/coordination/claim-protocol.md
2a2b049210d2542f8b82d5fc9e581196028812772627821448519b951de71bf9  docs/coordination/label-taxonomy.md
845da8171c20bcbca8dcf2c62c733f3b963dd3a3e3130accdc71228d56e35f7f  docs/coordination/multi-operator-model.md
fd892e82e3d30350681d39d4aae6e9dbb8c0914460b2a7958c11f9a169355f5b  docs/coordination/register-authority.md
6ab03ac2cacdf3dca3b8e818d181a00135a32b511db9ae53056b7104053d8d84  docs/coordination/setup-guide.md
081087d71fff1df077a8bf38d9ce01d8b7457b9b836b16cbed65d30afcae4a96  docs/framework-project-boundary.md
93c0c0faaa28a13c96d83d497375e924628f3f6212c370cc945e7ff6345cd81e  docs/glossary/ENGINEERING.md
e3b0c44298fc1c149afbf4c8996fb92427ae41e4649b934ca495991b7852b855  docs/handoffs/.gitkeep
b502a38239e5bcb93185d232d3a809321219961ecf38ade5ade0f51475c10067  docs/handoffs/fw-012-v1-1-handoff-contracts.json
4e6bd263087b8ba08a919b07e5b8da3008c105ba4384d5946dd259ad74dce428  docs/markdown-style.md
2cacd9f3c5819632afa91a0b8dbe1aade413441864eb3c4dc0696708a2fb3e25  docs/model-routing-guidelines.md
6a6217a774dc95193aa254a61f74c9d63b8ffbdc94673ba0b57715a6aa3d31ce  docs/numbering-convention.md
8935052851730aa6c686997de7a58e22f5df63674184fecf8dddf008e9c8ac55  docs/review/blocker-1-rc-to-rc-prebootstrap.md
f72ef934cb0248504e497f1e80f733f074e23c93b370692f4e5f90b66ba00c1a  docs/review/blocker-2-dogfood-driver-symlinks.md
6aaf75e74e4524999f7ed8830c05c8acd7e63a056f30a38ebd34828b6dd1ab92  docs/review/blocker-4-preservation-vs-manifest.md
5b7ea402eda75aa6d70b910cee3313434b822c13d88b8ebf9721ee21ab1eae6e  docs/review/fw-adr-0015-orchestrator-stub-model.md
e30bbf9fb269f98199a3bfc344fb132cf8fc016bb2d0196d72cda1155ed894cc  docs/review/fw-adr-0016-template-state-json-schema.md
46a8d0d1444ba3814e58936dd1a3ae0357c60f830862cc3a50538139b7c4ec9a  docs/review/fw-adr-0017-file-keyed-migration-discovery.md
55692126356c9e4befeff1f9da487c9975796179d3436f810f20b4a6fb58a260  docs/review/fw-adr-0018-transitional-rc-bridging.md
df9831218284d8131bab2241502506e39729f29c5a0afe316a8b777b06be801a  docs/review/fw-adr-0019-pre-bootstrap-retirement.md
f740f4b178d807963642234d4f29c7150b4f75f9c8191206f9a7b311ec95ff4d  docs/runtime/agents/README.md
dc40821ecffac4e5da9b83457e3a331ec91cbf93f2fec50620b1f9264cedef21  docs/runtime/agents/architect.md
50dabf153d9d709bc1fba882fa53cc538ca9ac5596160ef485d6b2e16f0f4bcf  docs/runtime/agents/code-reviewer.md
6cd1948710c0f99b03ea78d4ff516cbd44ffff5e0b048e4f50a10cdaeb00f3e6  docs/runtime/agents/onboarding-auditor.md
90f461468cd736b8b2bf4082f06e97f780c9a1f153a226db8609939cf1ab65ac  docs/runtime/agents/process-auditor.md
78f955c72e693ab6f142082e25a29532b340f14e714240dd4133b34f66392ef1  docs/runtime/agents/project-manager.md
3e092604dae1561700f243422ca9fc8a25997083b7b4fb8484c5e64a194f962e  docs/runtime/agents/qa-engineer.md
9a75fda45f00a07aa3abb0a4ff926e122885a52945abc93e65c7bf2d3e29bc0a  docs/runtime/agents/release-engineer.md
75edc6a84f9d9a9d7f9737e42e3366f1f9decdff31a596990d6a0dce604c5b6c  docs/runtime/agents/researcher.md
d6bc3d0b7056089759b4a6abb94d6a9c607fab4b86e5c863054ea0808852c8bf  docs/runtime/agents/security-engineer.md
725ac734ed189de8891f3c570bb37b6245d510a73bb17803b6423f382e43fd17  docs/runtime/agents/software-engineer.md
c0c83b451bfba5e7f0c909528dc0eefcfbb6c0921e6842097cc14bd383cf8108  docs/runtime/agents/sre.md
8f1f700ff8a8b3f37174bbbd3501b18e8584f60e8ca97a122b59a4366ca1839b  docs/runtime/agents/tech-lead.md
36e703ef9ec4a5f1e447cc994f41bbe43dc479aa7b2b92dcac0d8cf4d9daee78  docs/runtime/agents/tech-writer.md
e3b0c44298fc1c149afbf4c8996fb92427ae41e4649b934ca495991b7852b855  docs/sme/.gitkeep
0b83c54d6d7c133af7a4a95ab55ff9c40e58a9dca0382437e2ca89d4edfcec7a  docs/sme/CONTRACT.md
ef015ca4a8e9364501c2c7c84d37dcbf51ed710ab8a13eb7444ed89d05134319  docs/sme/INVENTORY-template.md
cb4397343b57d9015550adfcf273ed0017db8febf459450b8d778db81c0e0bc2  docs/style-guides/bash.md
dad3ebbe98cdd6312741c0a9390b44974ebadaa937ee2fd141f3d87b50a03fd6  docs/style-guides/go.md
1e9871743fc2d164c57ea0275efb2e8c16376d23f9ee4d616f134299f1ac3de0  docs/style-guides/python.md
4ff9e288482ca373eac8bb3336e6845a92328708c8b33b9567b16d4b5df2bc4d  docs/style-guides/rust.md
3cb6b307e50224472224800d297ebe80eff2b4d42d0fc9119dd42fd3ffe340e7  docs/style-guides/typescript.md
b3aa95220f8e6929fbee993899bd0f4ce142051f92b6bd201169a0867b229bd5  docs/tech-lead/README.md
2a4db1ebefcdd8144c17c457f27a4722a7d74e1d23b32ed22441918534b0e990  docs/templates/adr-template.md
fd8d8350a12e47139a3c3d641da8ae0232acf9d6745526adf97a6d4b8d37cfee  docs/templates/architecture-template-bare.md
bb1557653eeca5415686baa625ad1cce0ebf06da34cbded8ca7da566c242cc95  docs/templates/architecture-view-template-bare.md
fad6c5f5b4ebfd1fb8ceb37fb699ba1020dc38e8dd1701ad93488c070696b071  docs/templates/architecture-view-template.md
f58b34a1d140bd5d78cd06f62fbe98e2967df79ffc80e1448b19249262f35668  docs/templates/dr-plan-template.md
755cc2c3c4e0ce2788da19d9d80c365ff0523f68843a40ecc43038e8fea8e6a7  docs/templates/github-actions-ci.yml
5860273b2edac6b554fced782978335547f56665a72f8a157056947d793f9a85  docs/templates/handover-template.md
6ddea608975fde06981a68a98f6c6dce411dde686de47538933a812013b24903  docs/templates/intake-log-template.md
80a08c0db307380998513475e46c37bf45f600706395786053d4c40a1fb3d6cb  docs/templates/operations-plan-template.md
e08944f3ed16db4461e0a098e620ef506c0ee4ac9515d6cab97c0bf5637213c1  docs/templates/pm/AI-USE-POLICY-template.md
8bcf9216c1b67d8a019bd6addf618e1bc6c0c5bda9d2a90db817e9f58d51e441  docs/templates/pm/CHANGES-template.md
60b687d7b7eb746ba3f7aa605361d285a7777aec587f46c27a6196333d58e6e4  docs/templates/pm/CHARTER-template.md
b512022da084f7b3b89276c1c33d21c7ae948439d013130a161e90d98eb7a166  docs/templates/pm/COST-template.md
59201bea1f19a34dbd84c7958758f880a8057d87e214102cda746c54e2128d73  docs/templates/pm/LESSONS-template.md
d6e3bd3f63bd6b95be91b6e9fc4e4487055a24190f47293574fe4dbab5d5ec3a  docs/templates/pm/RESOURCES-template.md
55f4d54881cb3b430a6c6dd35fd7d98bd06ec16f727a37a678cb330c7bbb7a35  docs/templates/pm/RISKS-template.md
3cf00b282173ed80bd401a7f2beac08095eacffcec59ca6581fc97411d90d23a  docs/templates/pm/SCHEDULE-template.md
951804ca18f942b7c76709bb59b56ffad9741ce146acdbe5ee239b12a059b40c  docs/templates/pm/STAKEHOLDERS-template.md
9503672fb8a6861cf022116c7ab8d7aa94a91e87c19fdcf9c5acd27aa36d0894  docs/templates/pm/TEAM-CHARTER-template.md
7ee12f39993c521a659bd08f8f1e777755bc29538ff3ad032ad283183e73be46  docs/templates/pm/TOKEN_LEDGER-template.md
85d791fe32f7b4a5f65442285f06f9bee7c2b9df82e542968af74b5df47db3e8  docs/templates/prior-art-template.md
f4cfe585a8256386391793b024998850583fbc46d649f2aeaa3b375d6ad13910  docs/templates/proposal-template.md
e85639f869674b96a97e008a71c3ae0847bbaafbfd2f8bbe2f83ac8c821ef3f3  docs/templates/qa/acceptance-test-plan-template.md
6279646a98e6c1966bd73ce0e32905a78791573589d4170c289777d292b461cd  docs/templates/qa/intake-conformance-template.md
6cf0c3349ff768ffd2aa05ebc664c41ffe1b0ec68fc1867a3fcc989479df3bf9  docs/templates/qa/integration-test-plan-template.md
c939b55ab2ea620ae5b24ed6e131a3ba8d814e2d48143eba10b5c7d3e83baa66  docs/templates/qa/performance-test-plan-template.md
5ad05148a5508f29ccf7ecd4cec645e92711a096bf3c2b92bad03bac3aa9ddea  docs/templates/qa/regression-test-plan-template.md
82111eaa9a1633bacbd4fb673e0832e5802729a138c467503ef70334e766e4c7  docs/templates/qa/system-test-plan-template.md
11a4389a7da883f88f461072e1c23fa477e8d9081c9b48a75b568195e29282b7  docs/templates/qa/test-strategy-template.md
fa946789505ff7614f427eacdc7f892bcca2a0ab859cc718e7da19a2f5bbc8f0  docs/templates/qa/unit-test-plan-template.md
af702e2f7d2d1bb8ad25b2ff1beb10843a653cc630927c9cc1837b3ceec000f3  docs/templates/req-item-template-bare.md
1e3afeddc1890838c8cad741569651671962e95d2c7c0e3300aabe20a87b1cc7  docs/templates/req-item-template.md
8a144cf2ceca24f473e2bacd1c395ec59820865bb474b4b737324ae730986bf1  docs/templates/requirements-template-bare.md
153ea2f8b58bb659544c51b7b641739ab60f0c48e1b44d56bfa6d4f6db384d51  docs/templates/retrofit-playbook-template.md
525b0d3e777afec49f88ca38ba42e376b2db19fe1de0e802b4e08b0462811346  docs/templates/scoping-questions-template.md
bf1709cd5823fb9b392aebbac6cd868e7452cb80ebea4b88d9b30b07fac00fdd  docs/templates/security-template.md
905aaeafb66cb15c7a3447aff216cf44879701b68cab976560c6e2d3bdc68b70  docs/v1.0.0-release-notes.md
2cc03c5263d2f6e1e5f5549ba0543420b4df10fc5e3d77945ea0a9223fffc760  docs/v1.1-handoff-contracts.md
6a17a8d0c40e2996f4a178cc129bb71dd93370dae2337c1fd889e83eac4b9169  docs/versioning.md
e1f6aeb8730abd8b3e5017198f3f90cd9f1b55e0b728a553c8b7822f27c01914  docs/workflow-pipeline.md
b68ec8844fea1f8d0d3fa13b80a28aa930ef3cf5d9362886bd8729f4ea740abb  schemas/README.md
d6cbd85ce3b3c20a3645e9352f0e082ae273d0174cc3535496bf0c1485aa8586  schemas/agent-contract.schema.json
d2f52c763f6e61fdbaa86c235caaba87165b20f7146cddf0fb929522d857b720  schemas/generated-artifact.schema.json
c1eb039c973bfc37427958c545780abd3618a15f669381c90177ef33fd8ca2a6  schemas/handoff.schema.json
e3fbf3f065b4d0b28cc49f4d3f9be0d4a96f6f0e6e23b0999e45d14c46ad9e5c  schemas/model-routing.schema.json
42fcb358563e7aafe31b3b4f10a88713a92cf6d00a3087e578c178abf9760cdd  scripts/agent-health.sh
b4b0006c24fa2d41ed0d798f775833531861f44d2598106fa1d7ec4391710c36  scripts/archive-registers.sh
142a998b6ab6307cba5b590fefc723b8a6af14fd332600f5ff47a037184354a2  scripts/audit-agent-tools.sh
0e5ec59a17995339d08b229cb0b258deb09b7ceb9f47b438ec1c73c95105be63  scripts/baseline-token-economy.sh
7b06ba85dfc56e7eb5efdbeef5be3ecc05b0939b1d57356c1fdec7b19b8b5db4  scripts/capture-dogfood-fixture.sh
f727c20c961c1b364152899b5a420f5d361162661d1b565fe102f88e1b2e3c52  scripts/check-spdx.sh
ce621b42d830268a26c67e38ad7cd8047b3eedc652b9defbdac6f60b572b6d26  scripts/compile-runtime-agents.sh
05c864b7be1f1738efa12e6d141ec53c80469190d3174b422b6f05739cbb9806  scripts/gen-toc.sh
9fd4ddf7b9a109822902282e4d8ab3f23b61964a5b8ba743b4c4502ae9f86569  scripts/generate-fixture-snapshots.sh
f69033e57e2364054822cbd832cfa4c260b88b27562ee6bc51bf411d4357e118  scripts/hooks/atomic-question-reminder.sh
c26220de0dd6b14c6fcd72ef0cee9eb940bb9130103ca6b6bc6e5bdbb9c596e6  scripts/hooks/customer-notes-guard.py
6a0a43e59c82d76190e01a282b6a31a11199d10c1bff8484fcaaa3c4a5a87628  scripts/hooks/handoff-pre-tool-gate.py
2356d779d364ae1937e39be754afbf3f06f84f3274a222acd0ed1008b04e0027  scripts/hooks/handoff-record-activity.py
4fbabbdb8f172a49b8a8e413eda096b374342c54e1f7957273580b4743e95110  scripts/hooks/handoff-stop-gate.py
bbf18b3453ea6e21c06742c3cda946a0b4a931df623e457a8b8ed5e54d5f3335  scripts/hooks/handoff-subagent-stop-gate.py
7535c10f11cb8d61b14b0a0ea18ae68868e86975a410e7dc6969194843532705  scripts/hooks/handoff-task-completed-gate.py
688f403b197ef665fd3b4ea9e9b3851f2e16fd1ee617be849519c263807419a9  scripts/hooks/handoff-task-created-gate.py
cad702d31e8e23fe33c8e7c45e2d361473ff48688a1b0f97a9feda7f86c180e2  scripts/hooks/lib/handoff.py
89d317d6c49f7719df21d33f32263128c7a2d5da3cef0112bbb6d5afe48b06fe  scripts/hooks/lib/path_scope.py
282b5eb76001b25826ab69c071e4042fe6bc081668896240bfa1be4f973459b1  scripts/hooks/lib/roles.py
2fb47a35453f50b35509222df0ebc402a05be57e137ae9a1fb79b8913d72c343  scripts/hooks/lib/write_targets.py
da870a101524894bc9aaef96465bbaebb047925c1bff4307926d6dcfeedda362  scripts/hooks/post-compact-refresh.sh
bfa9ed9342a5937e168596e0e48e4fd40545f1ff014dc7b68a4fc174d5a6ae7c  scripts/hooks/role-routing-reminder.sh
0e8378b339c345b50d07004bc8a58be99639bca5ceb7ef0927a02c1cda93f1e8  scripts/hooks/tech-lead-authoring-guard.py
292f176df379edc9a94a6566fdf905728a271b4c346a7b203af89027d6eacf8f  scripts/intake-show.sh
01e2016b237b2a732d5439d2beb888e71322df00c5e7e4fd0d2443cf2e2e2053  scripts/lib/check-jsonschema-version
72b230b56ea1ecbd2d018e547b855ac78cd6f807e8440fde0bd0ffd38ebfb118  scripts/lib/first-actions.sh
836a3d32d1db51b9d260ceef22bc7145bd1272fed274fcc1acd6318cc8eebb28  scripts/lib/gate-advisory-scan.sh
9425a8e1b95920a5812205736dd5b9d0f53f3aa051701699c65c0576c48da279  scripts/lib/gate-hook-negative-corpus.sh
a5b82eab79624b58d36d6f764c2ba2fec3bd0b462e4a23ba1300a635a54ecefa  scripts/lib/gate-migrations.sh
f49fed8a3e9d4d3bbc03c8f1c78c7bccc805bad1e08adc792fa1fbb8d51a75bd  scripts/lib/gate-runner.sh
2ea1e2f8c87d1ca581a73f5e1898db1d1fde44878b5c43630d85ea56fc4af1b4  scripts/lib/gate-tags.sh
424b7b2cf525c40dfc6673e782aa1ebcebb730be983362483bc9cfb31d3ba84b  scripts/lib/manifest.sh
1b1f25a17ea4a095b018d90ad5ae78b24ec6bab4f5e8f36ad3e6a5e070f923ea  scripts/lib/semver.sh
88f5ea16e0224a8b8badfad9160ea9510212185c6bed1613b5eaac53cad08803  scripts/lint-agent-contracts.sh
7aadac319e4f22e99a3b173c011d88d391941efeedbd598079f98e38fa160771  scripts/lint-agent-model-routing.sh
6efd11b7b88fe27df173ec37f3d60661b9ba19ab7f7213d4af66d90a330a4e62  scripts/lint-canonical-sha.sh
572970dffd06c589210950d9a3afc2317548d30684334e9beccaabbe2b98c075  scripts/lint-questions.sh
9d50b49bd0965c8baf8f67a9caf672d923087b355144364baae84762c323a844  scripts/lint-routing.sh
9c43ffc21c9c3b14c2ad5376da4ee22bda6f8e76a562d1c3f0d7938b95d37937  scripts/log-fallback.sh
b993f83ba143236995f81a2850e54e8a11ac7e83661e49efd0c8f523fcf6ae57  scripts/pre-release-gate.sh
8fc12c83d781f76d3e14b8177812a2ba898581cc6a9ac000f4b4cdb554f51a10  scripts/repair-in-place.sh
ba1a7fa446045f73fe7fd83ed522177ac8c4b2bc294a6860d84d413f33965637  scripts/reserve-number.sh
6775ffd2d6b051ceaa8dff80428ff8e9b693c411cfd862f9b6d64fd46df0f000  scripts/respawn.sh
c5cfe713db2bbc6f3bf7d5d4d4e57b8a0155c82cc78731ccfc59e80d1ed60a1d  scripts/scaffold.sh
0f80cac515b394372ec23fd4ac01d9bee6d6626f6b963c3fd77d93e69d39d7f9  scripts/setup-github-labels.sh
aa6a4fc3a29d77f8816b618f091e3bfd414d0f841e2620c78297f7e480d59df3  scripts/stepwise-smoke.sh
6abc3b45c00428716c731d87f7da353984cbec399d1b0b050915b397eb942d50  scripts/strip-toc.sh
70bfc025c3e57d1c86ca74bdab2dd0de5677a5e55e2ebfe64793f55d2c5153df  scripts/upgrade.sh
3ae630b1f2acd75eac9bb8adcee85d688a3706eda11911de2459e58f83400e01  scripts/validate-handoff.py
1412281efcb4ef93e03ed5285a6cc0ee46007a8aaa162081ba85e0cdf7662b2f  scripts/version-check.sh
e3b0c44298fc1c149afbf4c8996fb92427ae41e4649b934ca495991b7852b855  tests/coordination/.gitkeep
8edaceb981407bb438754be9dd4a982a7e0a0890a6de07f4a18fcb1bffc766ac  tests/coordination/lib/claim_tiebreak.py
b4b90b043c54bfa0e4af0636f86fd7b23d6a29a5d54ea7cf2ee286b323349c3e  tests/coordination/test-claim-protocol.sh
dc66739077030e88e9f3688be8aa74603011155be104f378d382621df1174d92  tests/fixtures/active-handoff/missing-target.json
cc454b27219f5ecfecbe52cdf5932dac48bd23115dacd8e78b938417fcc64220  tests/fixtures/active-handoff/valid-pointer.json
df4591025d50423dc836f8828ba4142761f6eeb999c8937ab7ae60f41c29ce18  tests/fixtures/handoffs/invalid-missing-owner.json
df12cc0df665c3bf016673b762e6c0803d18317ca5e378c97c24cf31c5e68847  tests/fixtures/handoffs/valid-minimal.json
fc35c8c1187bcf765b17b37131bb9d5b3230fb15bc49dc59a7c94b6fdc10e25f  tests/hooks/fixtures/customer-notes-guard.yml
d99e3f633bb2a7a06b5602da61f39200e692dc72acaa1c5ae8545c52e2d64465  tests/hooks/fixtures/handoff/active-path-scope-handoff.json
fa9e010fac8eaab5806e62b51e5493f45ec0c6258c0b2b1843516a10b3b9a14b  tests/hooks/fixtures/handoff/bounded-codex-denied-valid.json
9e06cd42c06987a984f9eaacbecf8237fccbb389c10fddf59383559b1a208828  tests/hooks/fixtures/handoff/bounded-codex-permitted-handoff-forbidden.json
6b7fe5bd1a343f8dd9d942369f90d35cebdefa6b41b4f7fb163a2cfa98f8fc62  tests/hooks/fixtures/handoff/bounded-codex-permitted-missing-action.json
e5efbca892098cb6738f9ac18be770cbb6c366f92561c265eca949d766737728  tests/hooks/fixtures/handoff/bounded-codex-permitted-product-scope.json
b9c8bb2574b93b404041fc05fc9bccac7ae7d087cf391e92762ca5478d755134  tests/hooks/fixtures/handoff/bounded-codex-permitted-valid.json
2cb26e282635a24a37b0d0c21bf9f4dcadf9948320be5cf97082d48208ca54eb  tests/hooks/fixtures/handoff/completion-evidence-accepted-kind-passes.json
70be6e30f556a634732614c689def0f45940a70e69af766af19ce876d76a17c3  tests/hooks/fixtures/handoff/completion-evidence-failed-test.json
f30c89c533093cab63c1c574725aa4c39e7738071663a67a6f9ebdf5ba3e2072  tests/hooks/fixtures/handoff/completion-evidence-human-approval-missing.json
f33112415b3768f11e573c5b5e72a17d7c3a7c149fe97b2bada39d17dc16d820  tests/hooks/fixtures/handoff/completion-evidence-human-approval-stewarded.json
4f2a7ab808197dd45b96e6094c53d2a3a31abb21066add815f9c8c42db5e8e99  tests/hooks/fixtures/handoff/completion-evidence-human-approval-tech-lead-actor.json
b80c866afabb93e175e95733d37eb2dd87114a9003657cd1db912a8232c61cc3  tests/hooks/fixtures/handoff/completion-evidence-human-approval-unstewarded.json
43aa8fee8fa3270b075c181bf8b67e91201276b0e20663ae22e6c1cac7e9933c  tests/hooks/fixtures/handoff/completion-evidence-human-approval-wrong-source-warn.json
0f1c3309f17c276b479d422a6b9d1bbdfd3e52e885e6723456c3568a04586d13  tests/hooks/fixtures/handoff/completion-evidence-human-approval-wrong-source.json
d410e108ae54204da42df1c1419d6843ce694847bcc6c1342baa7287f12abb62  tests/hooks/fixtures/handoff/completion-evidence-missing.json
b8593e24124ac7fc56cffd50bcc3ec9a8b60f2bb03ed6e93e5e0952870beaece  tests/hooks/fixtures/handoff/completion-evidence-review-wrong-role.json
079035bce9907b34fc2b8c3688c1e4bec11e98877c8758d4e6ce5d91055cb014  tests/hooks/fixtures/handoff/completion-evidence-satisfied.json
f16e7edd7c7d624920b4ed060a3b8fff8269234e93d241b967e81cc9f32fbd5f  tests/hooks/fixtures/handoff/completion-evidence-security-review-missing.json
2b0f9456c289700f84843bcb621c5070a1318756b0ee7f6258d95545f8ea9113  tests/hooks/fixtures/handoff/completion-evidence-security-review-wrong-role.json
4765779c891b4278b5c761cfc6a1edd8be3a4d80293dd8c9b5578b7f25f0934a  tests/hooks/fixtures/handoff/completion-evidence-self-attested.json
3e108297e9a57335a79fd94094004045bc14d5ff83ba533644bd62526db752f5  tests/hooks/fixtures/handoff/completion-evidence-self-authored-review.json
b621455069636e4d13545c5247d198e54cac8bd742280a61699dff5830cdab31  tests/hooks/fixtures/handoff/completion-evidence-sw-eng-attests-human-approval.json
e83330936c3017f88b429f98f784a67f7eb036032cbb8d883db1d890d15b53e5  tests/hooks/fixtures/handoff/completion-evidence-sw-eng-attests-security.json
f765602fa2abb0af4ca651ac2b2e5d22fecf8749bc96683b55770ce45f29eba2  tests/hooks/fixtures/handoff/completion-evidence-test-worker-self-attested-absent-kind.json
65a41cbf2b0abac8bbc05bef2268a135404e74fd02efbdfd508c2b042caea9f7  tests/hooks/fixtures/handoff/completion-evidence-tool-activity-only-deny.json
9f21f1be2e9c373c3f325345b26f46deb358587c91d317fb57e525b167b72926  tests/hooks/fixtures/handoff/completion-evidence-tool-activity-only-warn.json
b54611d93c080803c55822cf7fc244fa5972b38c0c531cda04397f576f242233  tests/hooks/fixtures/handoff/completion-evidence-tool-activity-with-proper-evidence.json
cf1d076ba50b91b431cbb751a667df2839f4b69a0239c47c1ca5ebfac39572bb  tests/hooks/fixtures/handoff/completion-evidence-tool-actor-smuggled.json
d68b906f32d2b985310d91a3d4d405ad586439be8ec50db9b417baf6809694a5  tests/hooks/fixtures/handoff/completion-evidence-worker-report-human-approval.json
3d42232c9a49664f196cdb670fad46a8c902390e6fed9aaef37f91f4b28b809a  tests/hooks/fixtures/handoff/completion-evidence-worker-report-review-warn.json
62402eea94d735fa48b7ebc2bb45cb764ee4491e21b1da500e8b6a55215eb986  tests/hooks/fixtures/handoff/completion-evidence-worker-report-review.json
827ea2f4e5da4af6ba988ee3846b034e0c0d3abe6e0b83b3d43f5f5f76b7b361  tests/hooks/fixtures/handoff/completion-evidence-worker-report-security.json
945447c1624a507105211527a745b1825fda9b4c5aab00166393d5b22ffb1376  tests/hooks/fixtures/handoff/completion-evidence-worker-report-test.json
9eeb6ee3269f22d806406a327c5f6e95e519fe7b2da12982a2eb1032462df387  tests/hooks/fixtures/handoff/external-tool-activity-not-evidence.json
034385e962635cd579a42428b656cda069deef7f9c11c915da0dc3469e492f25  tests/hooks/fixtures/handoff/external-tool-activity-valid.json
a1097a0c42c55e930ebe859c096a1721708a93c05b09418f22411841d2cbed28  tests/hooks/fixtures/handoff/framework-scope-maintenance-handoff.json
8c1cc4fbaa45bb5e3b9035293910feff45b96ae4850cad44a0bb9c1bfd5785b0  tests/hooks/fixtures/handoff/framework-scope-product-handoff.json
5e0c6c0d394e576608fc2f28f0c606688034db9452a8729fb488bbbcbb3cc119  tests/hooks/fixtures/handoff/github-issue-invalid-type.json
16e281b416ba6dbb33dfb208a57a072fe5ec96efdde259af1f107ce51bbe1d5c  tests/hooks/fixtures/handoff/github-issue-valid.json
a04ccba9061990582459c81ed5f28cb52c931c2542757e84724b0d7e1161a0c2  tests/hooks/fixtures/handoff/handoff-smoke-readiness.json
e9526beae8c2c136c83a0e2457214a57ef279a7c86829076c25e632979a55478  tests/hooks/fixtures/handoff/missing-required-fields.json
ac85a65018efdd868fa836de33a76fd25b4669660ae13b305f5aaf34f1aea197  tests/hooks/fixtures/handoff/model-fallback-invalid-tier.json
0ceaa2943e1e6c8f29d45eee2dc8bf8bcc678dec5926810766b24f15f08ecc58  tests/hooks/fixtures/handoff/model-fallback-lower-tier.json
618eb8461ef3999cca91f2be37b93e380c5d8dadbdc0b4ed1eef798e9ad92739  tests/hooks/fixtures/handoff/model-fallback-non-dict.json
610507c360c55fbcb3590070c1ca3305981a6fb0be4d2c4ee793fd89bfce8e8d  tests/hooks/fixtures/handoff/model-fallback-same-tier.json
694f3c594bdbbc4d193a50343da74dfffe0db1a232d19f2039a1c5e607170f64  tests/hooks/fixtures/handoff/model-fallback-valid.json
0fb87062181a2fcdf11cdc7a5e11cc5fec26c438a522b71ebb6cafcf114112f6  tests/hooks/fixtures/handoff/smoke-evidence-acceptance-full-gates.json
735969b514e502d78d87542c3a9c30f4350f9db315e3ba8056256f8ab9bba88c  tests/hooks/fixtures/handoff/smoke-evidence-rejection-self-attested.json
485d64be5bd6376a4aa024eeb8aa29bf8e8273c954914947fdcdedacab0a3c68  tests/hooks/fixtures/handoff/valid-handoff.json
22c597c2e6c5b7b77e0005692a2499613dad44e2d4678866d28819afcc055e31  tests/hooks/fixtures/session-shapes.yml
8e8ad6a49920552684354a2398f9361acde77c9364e67c69ef326e875968d835  tests/hooks/fixtures/tech-lead-authoring-guard.yml
9d55abc4377b2a6af4ec520ce0a7399ece500697ca9bf43b2de48d32a03ee195  tests/hooks/run-ai-tui-check.sh
5742d3742b4fd7f2cd8fd9a91f6bda58844f08633feae075535c126105b5f20d  tests/hooks/run-negative-corpus.sh
c5cee8d2ae8b8a17c384ae74c3f33f741cb11dafb73e1114f1e966abc6cc6902  tests/hooks/test-codex-handoff-gate.sh
9ec098a921b911ca13bf998258b26c21401c0afd17dcb07a70180c1e67412a98  tests/hooks/test-customer-notes-guard.sh
28f2ed7fbc478ca2646dba384a9b6504b99fee4e1c667e0fda4787bfa1637d9e  tests/hooks/test-framework-path-boundary.sh
76b46b989fbda25eb61d698b88f671dfbaa565a64329e2376adc4784f54e4c1c  tests/hooks/test-handoff-contracts.sh
c1c2d0b51a6e42074fbffd898a865f8b8f76f1f4115212e5947982f6b3bee9ba  tests/hooks/test-handoff-pre-tool-gate.sh
94c63c02ab3d61a33370887d30996fca08dd742d21b7b78acd22fbebe59f8edf  tests/hooks/test-handoff-task-completed-gate.sh
30b443a721fcd50d6e279a31252dec783278c1155aff628da89eeb865f776423  tests/hooks/test-settings-merge.sh
3dda6083a89eec7cedac2a1b36eea92438efa925691999b2c5252eb7d649d0cf  tests/hooks/test-tech-lead-authoring-guard.sh
d5a70898cc907dad8227e85a4fb71ab0401e47630cae26866ca601a671299e45  tests/hooks/test_handoff_evidence.py
82b7316d64ab6067a486135ea071e81a258f14f77b1e5f44e18d95bc9c8beb77  tests/hooks/test_handoff_load.py
5b0b82ce358bec8d53cdfa166ce864cbf4bba2fc772f67c9f29176313c0263d8  tests/hooks/test_handoff_record_activity.py
0b6399a83fde5e7d0a82a3541ab38aad9a0997c864627d5cbccbafea5547182e  tests/hooks/test_handoff_stop.py
8e3b4e364185ed27177b696dd14e32f84a1171138dfe1dcb2c3eb33254d94f61  tests/hooks/test_handoff_subagent_stop.py
802235ba54133badb44b0dfb32a2f14fc487cda44247508558f90517af2c409a  tests/hooks/test_handoff_task_created.py
4ef0010017b268c978e36e45e6ab9b98d4805db2d78e460026e74059ee0afb21  tests/hooks/test_resolve_gate_mode.py
16dceb4c20bd811302118515f05eef1d37c44356d0a35d129e2f4e84e5377e79  tests/lint-questions/README.md
ce6d9e91714923a54015ab1bce011f8bdc1ff33056966a1596bfe8a7760209f3  tests/lint-questions/pattern-1-compound-seed/bad.md
fcfd130a4ee3b75839832e38ed901a186eebd9df84f264d5be9bd65a1aa90640  tests/lint-questions/pattern-1-compound-seed/good.md
1a08d3704533227e099b2f5671248f506ac1beb53235b40bddf398328a955274  tests/lint-questions/pattern-2-multi-numbered/bad.md
2edbcfaab50079cf7a43c2f265a057660657513f0541587543bacc0073ea46b3  tests/lint-questions/pattern-2-multi-numbered/good.md
e5bf36779c7a97d6230936b75890d7c93f6a1e977d56959edefe9848282a836f  tests/lint-questions/pattern-3-multi-option-sets/bad.md
c0b20a66d4f5d9c2de19f395b83d29c8b4db15e00144f075f3f33caf8d7b43e3  tests/lint-questions/pattern-3-multi-option-sets/good.md
02af8cc0da1c370d296cd6df8485dd135b9d56171fec87de0b90ada018593c02  tests/lint-questions/pattern-4-agents-running/bad.md
06cb9afd1e1aee85bd6a304136ec928bc682d8ef8c3a970013b3039a8793e5ee  tests/lint-questions/pattern-4-agents-running/good.md
988569e17f94c23d45d6868850261aece1431ce8c54d795d30247e4489825bcf  tests/lint-questions/pattern-5-compound-oq-row/bad.md
82d2e2cdb61cfa187a81a566a53a0c3e711ddfd644419a4c3e43079727d92de4  tests/lint-questions/pattern-5-compound-oq-row/good.md
63494c2fac6dc1d28fd93e35057c5a6a1c713e36d97ced00779fd7cf97f90074  tests/lint/test-agent-model-routing.sh
3af58163b8fcc56f46467cbd1c4c8f74390588b4732d09ef8019b931dbc4fdf2  tests/lint/test-canonical-sha.sh
94158a7f3632dcf5ee5f3ebe9012fbfbdcf27180fda358c27ee0419d1dd60046  tests/lint/test-lint-questions.sh
7ce613920d158eeb4fe963a0e3fc0c680e742d7fd6bfec4129edc01b844fc546  tests/numbering/test-reserve-number.sh
9293ab8eee6096afd4f09aace14bd2dfbef82753016cd430a02907d4361bb16a  tests/prompt-regression/README.md
b53ce1df9ac11ca12dfb70fd07329aa4dea716f1c9c0621027acc7ffd35c13e0  tests/prompt-regression/code-reviewer/adr-conflict.yaml
8396d9db0ae0b20960c7f1472061eed9329c46a0d82a783cd284247e296b58d5  tests/prompt-regression/code-reviewer/missing-tests.yaml
b08986103cf9fdb41164629b0c6d15dec6d9da8b2aad162af00741dfdf2b2a69  tests/prompt-regression/project-manager/no-op-pm-pass.yaml
fc990fbf23b70bf88d9fd0a81f0f922cb6ebc845efff403c56252651d0536086  tests/prompt-regression/project-manager/stale-schedule-delta.yaml
6989e762dc1fb04f233262636e7f1f10c130822cd10bfbf40d8e837cf025fb12  tests/prompt-regression/qa-engineer/acceptance-ambiguity.yaml
4af2d60ab6a316bb50102681a76df710caa9f38c010061e18afd4e3e45bafc00  tests/prompt-regression/qa-engineer/missing-regression-test.yaml
5abe1864b1cf23ddb6906441da5041e704e01159372bae1cc4fc562353ad3837  tests/prompt-regression/qa-engineer/traceability-gap.yaml
c3e711c17aa13262a1db00e76036e6c5957ccf2fbfb4474f679fd6e6c765f931  tests/prompt-regression/researcher/customer-note-stewardship.yaml
91e90b1b63c02e12a50e81489d06097f5799268b9bbf9206f73b4d5ffd6a2018  tests/prompt-regression/researcher/missing-source.yaml
73c541b8341f9c508a60225ebcfb1793f1653f09fd75f1da7fd0e87d7435425d  tests/prompt-regression/researcher/restricted-source.yaml
423f789b9b015eda0d34255b1a9dff36f976fe487f6152c0b26bb6530a0a245d  tests/prompt-regression/run.sh
dd599124d538180a84d00d7b125390c4139c1fc50a36c88e0485cbf4ffa7f33d  tests/prompt-regression/tech-lead/compound-customer-question.yaml
95730ed408d4b6a6996c12be5950391946c8fbab498d0ae309d9b942c160a931  tests/prompt-regression/tech-lead/queued-agent-slot.yaml
9a620e188db57801a9a4c1fe11a845054f934f6be436af97598aa021321c37bb  tests/prompt-regression/tech-lead/specialist-owned-work.yaml
754efa818fd54e15edaa68fb23de97942af87bc6eaab593363ce998bef43923e  tests/release-gate/advisory-allowlist.txt
1f97fa0c6769ed0c15841baf2a84c4eb45e047cfa930d03f82d46e6a2101ed5f  tests/release-gate/dogfood-downstream.README.md
b98cd46edfb892074ce84e3156c7d22a34b8981abcb45cc35daf83ac65138f61  tests/release-gate/dogfood-downstream.sh
3af553255f70fb45d6ce285752f3fe5ed7994463f56ff0f22d3e6c535face8b8  tests/release-gate/dogfood-examples/README.md
f0966d73185bbf334ea27460521a8e7cf3b4322cf5322e71d06b4be57f4ade4b  tests/release-gate/dogfood-examples/_shared/upgrade.sh
72479355ab35096b31a1e045cae20b5f2d467ef543572191d0ff60447986f534  tests/release-gate/dogfood-examples/alpha/rc8/TEMPLATE_VERSION
f0966d73185bbf334ea27460521a8e7cf3b4322cf5322e71d06b4be57f4ade4b  tests/release-gate/dogfood-examples/alpha/rc8/scripts/upgrade.sh
a201d3f30451c3d00156d6c3e7a68f7c731d85b7b09bc2b25ad9136235693d4c  tests/release-gate/dogfood-examples/beta/rc10/TEMPLATE_VERSION
f0966d73185bbf334ea27460521a8e7cf3b4322cf5322e71d06b4be57f4ade4b  tests/release-gate/dogfood-examples/beta/rc10/scripts/upgrade.sh
1359653cb7d84043bceb9a7dcb87934a1df06ffc64eca204f23b26c22933cc9c  tests/release-gate/dogfood-examples/delta/rc11/.claude/settings.json
be4455d1262c9250869829701525f669d9b2405d4a3e4778244e0c7c7ef81146  tests/release-gate/dogfood-examples/delta/rc11/.template-conflicts.json
93f716ee3b3aadd293cd4260773d550cd93759538f6faabd6ff7fdd549ef5963  tests/release-gate/dogfood-examples/delta/rc11/TEMPLATE_VERSION
eced78b24f200d38b19ef3fb6922582d1694a15fad117e4ce19864bfbf7abd5d  tests/release-gate/dogfood-examples/delta/rc11/scripts/hooks/customer-notes-guard.py
58fc2815a3a80ebd3b50fbe4158e5340a3a1535b5f4c9ad7b7e8c08fe3ec7459  tests/release-gate/dogfood-examples/delta/rc11/scripts/hooks/tech-lead-authoring-guard.py
f0966d73185bbf334ea27460521a8e7cf3b4322cf5322e71d06b4be57f4ade4b  tests/release-gate/dogfood-examples/delta/rc11/scripts/upgrade.sh
93f716ee3b3aadd293cd4260773d550cd93759538f6faabd6ff7fdd549ef5963  tests/release-gate/dogfood-examples/gamma/rc11/TEMPLATE_VERSION
f0966d73185bbf334ea27460521a8e7cf3b4322cf5322e71d06b4be57f4ade4b  tests/release-gate/dogfood-examples/gamma/rc11/scripts/upgrade.sh
4b998719d15424aa73d78993291d9a87fa8901af30b5ebfe44a85a0e8c9cba98  tests/release-gate/fixtures/README.md
55cd509d2a00e2105de1bc862ea87706c3a904ff0034c28d7c09dcb665dcfacd  tests/release-gate/generator-tests/test-generator-idempotence.sh
0bc440c80d39348134e3829ee6971de482e82a9ac80edfba126947cb43a12bb5  tests/release-gate/generator-tests/test-matrix-enumeration.sh
843860b5725186b5811e41df940a0755f25c77b1d5403146c0d7ef6cdbb2d4a0  tests/release-gate/generator-tests/test-mutation-golden-output.sh
d3a4c801b9c2276c6e75436c68d2afe7adc8bee268a8c0bbeaee6cde2d5066c1  tests/release-gate/mutations/clean.mutation.sh
c5cc3f583de33b33cc5c99221c95fb3cc8e3a8e0e2068f7aef166024e79506ab  tests/release-gate/mutations/with-accepted-local.mutation.sh
9f80338b2a7a33f68a8b4147130a60b084aec8a2f145195462ba35261cbd2854  tests/release-gate/mutations/with-customizations.mutation.sh
3677029dab0a2aee4d6b6db08a5b3002d67457008eaac7d347d30a07a8241969  tests/release-gate/snapshots/README.md
19a34d9dcb6e09ac804f9bc20bf40726d4506d9515d7239302b1aff6304b0330  tests/release-gate/test-gate-fail-each.sh
4573db1dd3815b799933e682f4c95a507104a9204ece2aa7abeb8d38564284a5  tests/release-gate/test-gate-force-moved-tag.sh
54a35b61feabf2821db205e1e376a0c5ce599ce667f78d9bdc6a3760401ee69a  tests/release-gate/test-gate-pass.sh
15aaf7c4559268a1769ec3dc45c46fe948303dc00f17bc2edfcb4ac132127f06  tests/release-gate/test-gate-wrapper.sh
a234db322da0eaad068738c830b342c2c36bfc83d38e5266bda9174ce3223a91  tests/release-gate/test-hook-advisory.sh
4b11e08683801e37e5b4afdd165f08090ee806789257afe294ad492ead6a2e69  tests/release-gate/test-hook-bypass-unwritable.sh
ef33bc2fffd9e2a8f52d6be505e3a45342497ecfc6c8a3fc20251af7e12bbcbc  tests/release-gate/test-hook-bypass.sh
c97e74f3fcd1bfbfc8bcb23c3929ae6dc9202b38c1e07796786b7c26b283b7aa  tests/release-gate/test-hook-strict-fail.sh
d73dd23164fc96e2269145c747305993e6742ce1ab4ea8bdd6ebb98d535be971  tests/release-gate/upgrade-matrix-skip.txt
00832dbfb79708266c90986f27e151e3e2e6f231f908471d3f1b86c3a78679e1  tests/release-gate/upgrade-paths-allowlist.txt
af7f805c18c6d10fc52a755e946ed77b894dd929a08a44dc95f04a1bc4815540  tests/strip-toc/fixtures/adjacent-pairs.expected.md
2e5d16bec05900c5c1dc5046d6892fbde2764ec8dfc72e38988d04f845266ebb  tests/strip-toc/fixtures/adjacent-pairs.md
0ba945584c607bcfb9b874fa5f1b6f695674fce409ff2c4ce09f1933b6eba9c1  tests/strip-toc/fixtures/commented-fence.md
266a107affc0735bb1526fc8254276b4f33082031b329412f71be6000519dd8b  tests/strip-toc/fixtures/in-code-block.expected.md
232cbf84741d9dab5fb9ce8d02548871e428de97568f30a92badd1ccfd22c838  tests/strip-toc/fixtures/in-code-block.md
6ce9f4717a386058885ddd1f60a87370dfe07e56f4932b4e70ef18e16c9e5d6f  tests/strip-toc/fixtures/multi-pair.expected.md
3cdbf729e14293f7e2f712220a1b4d6860741e54511cb45cab7ece138aad7183  tests/strip-toc/fixtures/multi-pair.md
cc7c1e43181470200ff778cd2d6a6bde6fa20082eb76b2a37541575bd1e7c761  tests/strip-toc/fixtures/single-pair.expected.md
2d42339857946c3f026901de0092c20a3a436b46f4713b7c521207fcbe3d0f98  tests/strip-toc/fixtures/single-pair.md
308e465d4dc9a3ba4a972de71f21b95aa464ead890747d3a1db244c15a935e6b  tests/strip-toc/fixtures/unpaired-close.md
5b039659a61b421844f617ff9ab0f327b161ac7e5bdb1fecc9e99abba196a1bc  tests/strip-toc/fixtures/unpaired-open.md
eb59cb534cee2fe402a56667ab9d144414d9541f2966eaf6793a2c060cf291a0  tests/strip-toc/run-tests.sh
a971d65454d8b951a6f398e7e2125adde0067449b24ae6924c0866fea637e558  tests/upgrade/fixtures/fail-migration.sh
4ca47e4be4cf096509d0403c64cd4b314a59575eac4c85dfd90848426035bbad  tests/upgrade/fixtures/nonzero-last-statement-migration.sh
4e0f30f823a71a2e769576770d5f0d23c330677bb243b324580f43f9dbbade9c  tests/upgrade/fixtures/success-migration.sh
3c0bdd0811ebbe5b18343ef71a4b6495508439969dcfa701a766576c82177aa4  tests/upgrade/test-branch-guard-fallback-issue-257.sh
399ca786f87eccb8ea2dabdc576e12705a5b5962cabff773d4131d7e861528ec  tests/upgrade/test-branch-guard.sh
428fdb019b19d1820b61241bd3cf9320a14d1a73149096497d736c7cfd788b15  tests/upgrade/test-cluster-c-fixes.sh
f4e7fae5c4f0ba70e10beb0f317263d1a7be4bb6bcf87e12824fdb41a6a298b4  tests/upgrade/test-downgrade-from-untagged-to-tag.sh
9d8191782307ba49b8512d51d73d2c5e162cd4ac3b85007caee081aabf58568d  tests/upgrade/test-migration-runner.sh
56132d1f8ed3e804f9a2fea4b494d88a061c590f706e1f70de3432f9e62deb78  tests/upgrade/test-rc14-pass2-backfill.sh
c1c441e86af2023624414628aa888ee12c96eb0d4932b9bb6bb31bde1f1b04fa  tests/upgrade/test-rerun-safety.sh
7cc740a6a9c94a242c0a6b5cd5434fb26e271df57e387893c3d1e17dbd52bab0  tests/upgrade/test-spdx-trivial-delta.sh
10b92aa88ab42e1f3a7c00c4e54fe29b74b5c8d950652240bf7ac7c035079fec  tests/upgrade/test-version-check.sh
c3642d153a91dda327d205df04d0f918e26a4ca9a107620b2ffa22816483d480  tests/workflows/fixtures/customer-truth-no-proposal.diff
0521be3891b34ba8eb34d9ce04e316671eb6be18f7485b0fbf0beecbfe6bb719  tests/workflows/fixtures/customer-truth-with-proposal.diff
ff08832afd2afef3d778338d40df657372987a2b9f71ee22c2173bf3399c837d  tests/workflows/fixtures/hard-rule-content-no-proposal.diff
8585de0a8d0f030a0489f684a43d1402c0587e2f5eeb70de2a2d84f2e2669300  tests/workflows/fixtures/hard-rule-content-with-proposal.diff
2dc0126b21da128513e1e7869590e0b23c5af1916d0c4d9d4d3abeb9e3d1f92c  tests/workflows/fixtures/hard-rule-unchanged-no-proposal.diff
e85f00a1ffec45c60610b343d18e6f3b1c15f784d9f9603150ad4e66da7d1e66  tests/workflows/fixtures/oversize-files.diff
df11acfd59578d497ef8565817b5545acb58c600d8f99dba244c446f42aa9442  tests/workflows/fixtures/oversize-lines.diff
502e0dd56466b62041db36f5bb4301186e55212ba60800e818bba8518fe47f66  tests/workflows/fixtures/protected-no-proposal.diff
c83c82861960e2a30634ce99ad99e91a9b02fcdb6529a69221b8c0852ef1149e  tests/workflows/fixtures/protected-with-proposal.diff
8a27875a53cedec9d9b36c9a3313a65c6d9d0f753e86ce549b6ddba2b902c8bf  tests/workflows/fixtures/small-clean.diff
a09e7276da94ca782b5c1959974fd9ff8aff980aebf4be698bb645ccb3c54b55  tests/workflows/test-improve-template-logic.sh
