# TEMPLATE_MANIFEST.lock — per FW-ADR-0002
# Generated GENERATOR-FIXED-DATE
# Format: <sha256>  <project-relative path>
# Paths from upstream ship_files; SHAs from project tree.
# Files in .template-customizations are omitted by design.
#
dc2ffdff8775108f4fa213149972a8d83c83a5d18428d08a44ff17df1cde0ad4  .claude/agents/architect.md
62123403cc4d5777289ff53002525a56b440500188a3dc8b7136767535fbdc60  .claude/agents/code-reviewer.md
142f874f4802d7b7af418eeb8efdb1aa4a3143220986f7e5c8827fe7bead9ab9  .claude/agents/onboarding-auditor.md
f341ddfa92024f91daa3ec8017a4585f402085d4c0d133b7682c2047cbc819a0  .claude/agents/process-auditor.md
790310af2e9842bc0d2756c31f7a142898de6794ad373ba903c28d67058e7260  .claude/agents/project-manager.md
a3acff5392c3e3c1fc723c753106dccc1d926122444fb9df763f699f3508b002  .claude/agents/qa-engineer.md
e86859439556c7a6c835d034c51d9eb3d801a94464a223d06cc94ac0e5b40835  .claude/agents/release-engineer.md
ba61daa35802984c6261258ca3b9dbbd9ceaf418e85f18a66ffca691124e83df  .claude/agents/researcher.md
9b3b73204c4b5d30fdb0d9048389df744390b919269ae74c1bf0b1ccc179261e  .claude/agents/security-engineer.md
7cd9a16bac5ec77637895c0596b1e3a61f5f58a1672ff7a309e34084f04edd57  .claude/agents/sme-template.md
c28702523960b1d25ba42b32c1b3c43ada0a507ba7cb2769069df035731f0d59  .claude/agents/software-engineer.md
9b74eb30423fe8c123c394841a2324eec10d3ca898a51fba32c8691a93d62250  .claude/agents/sre.md
2ba24a6f6551b372f1255039ae90c9084bd0090493165ecb05c9bd83bad1d764  .claude/agents/tech-lead.md
7a335fb270f5658c190b17269dc7649da514413afb3b8ce4b69cf208283c8a02  .claude/agents/tech-writer.md
bd491170cf5de543712b860521a7f4eac7ff14953dbd4711de2c5e527b95ba63  .claude/settings.json
9acb7dca5e8baf25d2d99a97b9657bccd4ccfd7b43e70b95a35fe951f020137c  AGENTS.md
dc67467ba81954f17cc669378e754f062b2bc8ee648d1771999a7ac44e3fa323  CLAUDE.md
a09c52b60b1ba35a1adeec3fc56d92dd52453194b0c13c69b07a5ccb89e67826  SW_DEV_ROLE_TAXONOMY.md
2169afd1564444cd5b861a2db44ba1f6987712ff69f3cd5f487381b5481fb316  docs/DECISIONS.md
16deaa09727babae1d25291ec2f53ade2475005b7ffe2373f1d660e764712e7a  docs/FIRST_ACTIONS.md
e1594038eb6a6a9b548c22cccdbe95c6ecb1b188e8e026d6be331632125044e9  docs/INDEX-FRAMEWORK.md
7e253a350088198433604d5b678ac7c8e1c824523d3984f99230c088d28c4ba3  docs/IP_POLICY.md
e8c0b999ee5fd9751ac4c8ffee729d096f95695d320124dcd24d429bd9b020b2  docs/ISSUE_FILING.md
8c1587a2da0772b59e7bc9b5d696f2cf1d9e83fb41f7f68e7f5b3a6e84f6f5fa  docs/MEMORY_POLICY.md
d617d2463fb110150e540b02c5b4866cdcfc8980a6e0bd510ee60f2d42facea3  docs/TEMPLATE_UPGRADE.md
56a59dab62b2d609028032355a04f545c1d564aef5a2d9602eb2fe7088990561  docs/adr/fw-adr-0001-context-memory-strategy.md
d3fb5635644f9f8967473aeb5cd02b53fc398fa2efda50683a23f609364462cd  docs/adr/fw-adr-0002-upgrade-content-verification.md
fb523220bcd183ddd34164230521bfcec40aa6fc51c897199380d4150b84898d  docs/adr/fw-adr-0003-bare-template-variants.md
cca34dd5fcabc9ed365bccba41633db9a9343696ed9b912b67f9282462ffe917  docs/adr/fw-adr-0004-per-item-file-breakout.md
c15dc75ab1c114a0e519c1b2607416b10e09ea13a35ceb8d5f9dc01ba21461a9  docs/adr/fw-adr-0005-standards-paraphrase-cards.md
ae1baee2270b147ae676a118dbfec15b53dcdecfc71835a91204d6210764f79b  docs/adr/fw-adr-0006-madr-required-optional-split.md
bb5f4062db2d12664b68a683825166fea86e41d339e8f79075ea64bc8f13034b  docs/adr/fw-adr-0007-external-reference-adoption.md
bc86d7a23d6c7f04d8aaa1279b56f4047c674e5b250bed1a7bef5fc5a6f6d8f4  docs/adr/fw-adr-0008-tech-lead-orchestration-boundary.md
87fceb2f5585915e931371fffadd9dbb4896bbe582a3815d5cc70e6cc285bad1  docs/agent-health-contract.md
0926ad9fe95c4f75e99961c890b1593cb019dcd2c7191f65c582d0cce52a0cb9  docs/framework-project-boundary.md
93c0c0faaa28a13c96d83d497375e924628f3f6212c370cc945e7ff6345cd81e  docs/glossary/ENGINEERING.md
7e645cba8f51b43b752bf5a50353c05144006efca0104484dfd2d61e68690bf5  docs/model-routing-guidelines.md
e3b0c44298fc1c149afbf4c8996fb92427ae41e4649b934ca495991b7852b855  docs/sme/.gitkeep
0b83c54d6d7c133af7a4a95ab55ff9c40e58a9dca0382437e2ca89d4edfcec7a  docs/sme/CONTRACT.md
0d2480072fb7d11d405e5f6edbdf5ad1bb2a6cc45bca156d824fad0c746c3cf8  docs/sme/INVENTORY-template.md
cb4397343b57d9015550adfcf273ed0017db8febf459450b8d778db81c0e0bc2  docs/style-guides/bash.md
dad3ebbe98cdd6312741c0a9390b44974ebadaa937ee2fd141f3d87b50a03fd6  docs/style-guides/go.md
1e9871743fc2d164c57ea0275efb2e8c16376d23f9ee4d616f134299f1ac3de0  docs/style-guides/python.md
4ff9e288482ca373eac8bb3336e6845a92328708c8b33b9567b16d4b5df2bc4d  docs/style-guides/rust.md
3cb6b307e50224472224800d297ebe80eff2b4d42d0fc9119dd42fd3ffe340e7  docs/style-guides/typescript.md
09388579eae7645e80a7f66b0f0d88df938e60c726bb0e8ac3be075d971bc2a8  docs/templates/adr-template.md
7e6e2aae05e5ab543dd4381b270584ea07e00273213dbea509e54324801bdf1a  docs/templates/architecture-template-bare.md
a396f9c8757d1a8ff06b13deb48b7203947c358e338528d8f5504fdd9d8fc0a3  docs/templates/architecture-template.md
e586b16d54e3873ebb4ea35c097c70789e774ab599bc03ef016d90d67817651f  docs/templates/architecture-view-template-bare.md
ced3faaf57bdc220c678a9efaf66aae3506ebfd5c8a8c0e667963e457b68d8c8  docs/templates/architecture-view-template.md
0da7ebf5fd752aa4c3c28c9157a21206c441c93029eeb4817d18d0b06c6f1036  docs/templates/dr-plan-template.md
755cc2c3c4e0ce2788da19d9d80c365ff0523f68843a40ecc43038e8fea8e6a7  docs/templates/github-actions-ci.yml
2b3b9476786e3f16fabdc526fc3140268ca0b01c083f3ce1b2d3037e7e835ce6  docs/templates/handover-template.md
519a4b1ff12e85edfe637e80fae564a7a6e453e5698d3dbf29b05fddb365a468  docs/templates/intake-log-template.md
52e6cc8002d2552f31d6fcd75c8747760805b140a79a832cdb108262a6af9b58  docs/templates/operations-plan-template.md
64d2ce1194d741618a9e885f383ba070f7341acbfa543f31ac039ef16061dc73  docs/templates/phase-template.md
bed27ef485a84d927b69f9e57ee74ffa61d43ac0195fe8da196b544921c63082  docs/templates/pm/AI-USE-POLICY-template.md
1801f08701bf955eb723660fdb743e6d9f0098c86a3a210eb4ddb037112c22bb  docs/templates/pm/CHANGES-template.md
bbe56852ca8825bd069e8f3f4a3190c135184556d818e227bfd8f8d1fe2026c6  docs/templates/pm/CHARTER-template.md
98c9ee2c2b8ddfa898f05115380cdd89732fd228a4855527bd80ade4442a1e3e  docs/templates/pm/COST-template.md
1447fa2ec291bd88bddf4b9d56ef169c5dda06feb1f63325fc83f26700f102dd  docs/templates/pm/LESSONS-template.md
fb9bf47234b816ed69afe500c628bbc3a7187e984e4a92a6fc0df2acb912f215  docs/templates/pm/RESOURCES-template.md
a1a99c013172d2ab6458cb84465bc1236588c724ca37206b520e8d62302e6e99  docs/templates/pm/RISKS-template.md
73837d669d2a51f4a786c155e01c3d12dc465b9d3dfee2a52278b283f8af00aa  docs/templates/pm/SCHEDULE-template.md
3fc4291b2ff6203c9441a04e6c2faa9890a91bbdc122aa89bfa4d78ef2256bdc  docs/templates/pm/STAKEHOLDERS-template.md
c2a7ecf898c067a5d93fb702947b0c40c9b9ef0176dd1ac66248b1cdfb7ec6eb  docs/templates/pm/TEAM-CHARTER-template.md
e3187d8e72ac40676c078527e57068c6a194e5f3075f004ef8f1501bfa49ae9a  docs/templates/pm/TOKEN_LEDGER-template.md
0ae99c85ca45c0d14769cf724d66d3e68b8e3cb454efd8028b8670d8143dc2cc  docs/templates/prior-art-template.md
f8f6e18e3d6081674395bac998daa144b17d7db320a02a21b3b40d83285754fa  docs/templates/proposal-template.md
668b892eb9ed39c6b2c93e52f234d1485f13b06417ad543abd623e27e8cbca33  docs/templates/qa/acceptance-test-plan-template.md
9e2787084ce587db5c91000b72ebfba046878a7d58e94b51b43b7f48564300e5  docs/templates/qa/intake-conformance-template.md
da77784ecb29a3d3b0678df61829432fc5fea82dbafd4f8114c617180cfd2f7d  docs/templates/qa/integration-test-plan-template.md
fdaded08f90876caad2c4ad92ab585ae5f9ebd9e6627fff1e5a82ceaa6a2c988  docs/templates/qa/performance-test-plan-template.md
b5f587ea548938f1b3649ceb7343cd79a766ac69f13eb758df9974227fe0592e  docs/templates/qa/regression-test-plan-template.md
5aee892d0cc2f93c1ef73a282733960c442de55e2f850e397a93d4a2140875f2  docs/templates/qa/system-test-plan-template.md
dc779f6c48678a00884a1296de114164100bf472f6d0add6b8fbebd7fcc0c3cf  docs/templates/qa/test-strategy-template.md
bea4f4c6c0c1cdba1082b0e2187b0f923bcb8310a769a761613bf5041ca1385a  docs/templates/qa/unit-test-plan-template.md
bd2c73a2b8631eee6c93f61e227fa6e2f15b1ef272c83f95d64587bbabbc621c  docs/templates/req-item-template-bare.md
f2866ba0eecc0a11531f40189bfca58376c620544955b37db545075d86967798  docs/templates/req-item-template.md
bb792e1073e5f815a01d2a8b6b27606e9247976c35b4bb7eb2173f52c97032d1  docs/templates/requirements-template-bare.md
e3cda9e29629fe6ee0e0625997d9954c4e29d70a9c6219d0c9143799d865c117  docs/templates/requirements-template.md
dc60bbc30e92e669f737d010b8a911f501c12d753d14bb0fa33cc32ac319adc1  docs/templates/retrofit-playbook-template.md
451b4f734c28a89248918d61dbc2c7f42262dbec6139c479d2e515121e4bca50  docs/templates/scoping-questions-template.md
03527c1f7205459a1f289d6c3dd8cf33e2f50834cace302e8e7755d62bb42cc6  docs/templates/security-template.md
77f1ac2959ac6f38390edce4e25e06a8c60878723fabe96e19154bcaed06354e  docs/templates/task-template.md
752050cd81969e2d0e0bc6017c499198cbff71806aaf8d7c7e64a4fd83cb5209  docs/v1.0.0-release-notes.md
7670397b87e34948959dc7ebdd4c776706f39cad6a3a69b81d10b4d71585c544  docs/versioning.md
289be65aa3e8a0f2b203b2bc3a27b0856742d9a2bb18f3f3ac55b78f6a81f928  scripts/agent-health.sh
142a998b6ab6307cba5b590fefc723b8a6af14fd332600f5ff47a037184354a2  scripts/audit-agent-tools.sh
05c864b7be1f1738efa12e6d141ec53c80469190d3174b422b6f05739cbb9806  scripts/gen-toc.sh
1edc8d2a1c885b27bc8e87a1aad7a0a0de33c47fe82da76deaf34bd70c7ec53f  scripts/hooks/customer-notes-guard.py
292f176df379edc9a94a6566fdf905728a271b4c346a7b203af89027d6eacf8f  scripts/intake-show.sh
72b230b56ea1ecbd2d018e547b855ac78cd6f807e8440fde0bd0ffd38ebfb118  scripts/lib/first-actions.sh
88892c6772b1d6a0d6f49e8662ff9614668fcd2ed912ab95f93490121f66449c  scripts/lib/manifest.sh
b747f5df9f273bc0ea1d6e1ed24ca81cdde196f50c8ed9f96c00f18dbe621bd0  scripts/lib/semver.sh
a3e7532b07808bd3b6bb8acc870cbcdea037b203b3ac9c2bfddbf49b6b631faf  scripts/repair-in-place.sh
bb44771034f46844eeb256fee5e79e24e0c818d80f993e967904bec50c4ec61d  scripts/respawn.sh
14153d610d3dc76583482fd0555ce2815b13905bcfc8e7a41a1d1f8cd1e315f5  scripts/scaffold.sh
9cf0de7140f164dad3154ee48721bbd7566604be9ef5b81c64c726beb0a7e85e  scripts/stepwise-smoke.sh
b676290ab7e30772bcbd437b4c1dcbda38e438f8891d10cf7f966d962fef2ccf  scripts/upgrade.sh
abc22b7ee8bf8514ab7b4c1b19fc8176f189e54b762453d5a659a6ef8f3b7749  scripts/version-check.sh
